
Microsoft Visual Studio Solution File, Format Version 12.00
# Visual Studio Version 17
VisualStudioVersion = 17.9.34622.214
MinimumVisualStudioVersion = 10.0.40219.1
Project("{FAE04EC0-301F-11D3-BF4B-00C04F79EFBC}") = "EasyCashBusinessLogicLayer", "EasyCashBusinessLogicLayer\EasyCashBusinessLogicLayer.csproj", "{EC36ED8E-4B23-4BA0-B7A4-369C448467D6}"
EndProject
Project("{FAE04EC0-301F-11D3-BF4B-00C04F79EFBC}") = "EasyCashDatabaseLogicLayer", "EasyCashDatabaseLogicLayer\EasyCashDatabaseLogicLayer.csproj", "{84525CD4-A49A-49A0-91B9-9C2180B680C2}"
EndProject
Project("{FAE04EC0-301F-11D3-BF4B-00C04F79EFBC}") = "EasyCashEntityLayer", "EasyCashEntityLayer\EasyCashEntityLayer.csproj", "{4382E8C5-D02D-480A-B6A3-E8B3362F38CB}"
EndProject
Project("{FAE04EC0-301F-11D3-BF4B-00C04F79EFBC}") = "EasyCashDTOLayer", "EasyCashDTOLayer\EasyCashDTOLayer.csproj", "{F846F8B7-1205-44BD-AF60-1F5645466D94}"
EndProject
Project("{FAE04EC0-301F-11D3-BF4B-00C04F79EFBC}") = "EasyCashUI", "EasyCashUI\EasyCashUI.csproj", "{193E3455-3A58-48ED-88E5-1868278365B4}"
EndProject
Global
	GlobalSection(SolutionConfigurationPlatforms) = preSolution
		Debug|Any CPU = Debug|Any CPU
		Release|Any CPU = Release|Any CPU
	EndGlobalSection
	GlobalSection(ProjectConfigurationPlatforms) = postSolution
		{EC36ED8E-4B23-4BA0-B7A4-369C448467D6}.Debug|Any CPU.ActiveCfg = Debug|Any CPU
		{EC36ED8E-4B23-4BA0-B7A4-369C448467D6}.Debug|Any CPU.Build.0 = Debug|Any CPU
		{EC36ED8E-4B23-4BA0-B7A4-369C448467D6}.Release|Any CPU.ActiveCfg = Release|Any CPU
		{EC36ED8E-4B23-4BA0-B7A4-369C448467D6}.Release|Any CPU.Build.0 = Release|Any CPU
		{84525CD4-A49A-49A0-91B9-9C2180B680C2}.Debug|Any CPU.ActiveCfg = Debug|Any CPU
		{84525CD4-A49A-49A0-91B9-9C2180B680C2}.Debug|Any CPU.Build.0 = Debug|Any CPU
		{84525CD4-A49A-49A0-91B9-9C2180B680C2}.Release|Any CPU.ActiveCfg = Release|Any CPU
		{84525CD4-A49A-49A0-91B9-9C2180B680C2}.Release|Any CPU.Build.0 = Release|Any CPU
		{4382E8C5-D02D-480A-B6A3-E8B3362F38CB}.Debug|Any CPU.ActiveCfg = Debug|Any CPU
		{4382E8C5-D02D-480A-B6A3-E8B3362F38CB}.Debug|Any CPU.Build.0 = Debug|Any CPU
		{4382E8C5-D02D-480A-B6A3-E8B3362F38CB}.Release|Any CPU.ActiveCfg = Release|Any CPU
		{4382E8C5-D02D-480A-B6A3-E8B3362F38CB}.Release|Any CPU.Build.0 = Release|Any CPU
		{F846F8B7-1205-44BD-AF60-1F5645466D94}.Debug|Any CPU.ActiveCfg = Debug|Any CPU
		{F846F8B7-1205-44BD-AF60-1F5645466D94}.Debug|Any CPU.Build.0 = Debug|Any CPU
		{F846F8B7-1205-44BD-AF60-1F5645466D94}.Release|Any CPU.ActiveCfg = Release|Any CPU
		{F846F8B7-1205-44BD-AF60-1F5645466D94}.Release|Any CPU.Build.0 = Release|Any CPU
		{193E3455-3A58-48ED-88E5-1868278365B4}.Debug|Any CPU.ActiveCfg = Debug|Any CPU
		{193E3455-3A58-48ED-88E5-1868278365B4}.Debug|Any CPU.Build.0 = Debug|Any CPU
		{193E3455-3A58-48ED-88E5-1868278365B4}.Release|Any CPU.ActiveCfg = Release|Any CPU
		{193E3455-3A58-48ED-88E5-1868278365B4}.Release|Any CPU.Build.0 = Release|Any CPU
	EndGlobalSection
	GlobalSection(SolutionProperties) = preSolution
		HideSolutionNode = FALSE
	EndGlobalSection
	GlobalSection(ExtensibilityGlobals) = postSolution
		SolutionGuid = {EB501BC7-3A95-4BF6-BA02-7F7D1975A610}
	EndGlobalSection
EndGlobal
